
Microsoft Visual Studio Solution File, Format Version 12.00
# Visual Studio Version 16
VisualStudioVersion = 25.0.1703.3
MinimumVisualStudioVersion = 10.0.40219.1
Project("{FAE04EC0-301F-11D3-BF4B-00C04F79EFBC}") = "console", "console.csproj", "{864B7708-6F51-40F1-BF56-C1447C8CF799}"
EndProject
Global
	GlobalSection(SolutionConfigurationPlatforms) = preSolution
		Debug|Any CPU = Debug|Any CPU
		Release|Any CPU = Release|Any CPU
	EndGlobalSection
	GlobalSection(ProjectConfigurationPlatforms) = postSolution
		{864B7708-6F51-40F1-BF56-C1447C8CF799}.Debug|Any CPU.ActiveCfg = Debug|Any CPU
		{864B7708-6F51-40F1-BF56-C1447C8CF799}.Debug|Any CPU.Build.0 = Debug|Any CPU
		{864B7708-6F51-40F1-BF56-C1447C8CF799}.Release|Any CPU.ActiveCfg = Release|Any CPU
		{864B7708-6F51-40F1-BF56-C1447C8CF799}.Release|Any CPU.Build.0 = Release|Any CPU
	EndGlobalSection
	GlobalSection(SolutionProperties) = preSolution
		HideSolutionNode = FALSE
	EndGlobalSection
	GlobalSection(ExtensibilityGlobals) = postSolution
		SolutionGuid = {3BEA508B-40B4-4FD6-A421-D163334D8661}
	EndGlobalSection
EndGlobal
